
Microsoft Visual Studio Solution File, Format Version 12.00
# Visual Studio 15
VisualStudioVersion = 15.0.28307.106
MinimumVisualStudioVersion = 10.0.40219.1
Project("{FAE04EC0-301F-11D3-BF4B-00C04F79EFBC}") = "PruebaEstebanLadino", "PruebaEstebanLadino\PruebaEstebanLadino.csproj", "{84FB6D45-6DB6-41B0-84C9-0CBCC1179E88}"
EndProject
Project("{FAE04EC0-301F-11D3-BF4B-00C04F79EFBC}") = "PruebaEstebanLadinoDAL", "PreubaEstebanLadinoDAL\PruebaEstebanLadinoDAL.csproj", "{DBC3882F-870D-4932-9F8D-D1ABFE84A473}"
EndProject
Project("{FAE04EC0-301F-11D3-BF4B-00C04F79EFBC}") = "PruebaEstebanLadinoApp", "PruebaEstebanLadinoApp\PruebaEstebanLadinoApp.csproj", "{8B93F2E3-B99C-4E26-8927-051C378DD555}"
EndProject
Global
	GlobalSection(SolutionConfigurationPlatforms) = preSolution
		Debug|Any CPU = Debug|Any CPU
		Release|Any CPU = Release|Any CPU
	EndGlobalSection
	GlobalSection(ProjectConfigurationPlatforms) = postSolution
		{84FB6D45-6DB6-41B0-84C9-0CBCC1179E88}.Debug|Any CPU.ActiveCfg = Debug|Any CPU
		{84FB6D45-6DB6-41B0-84C9-0CBCC1179E88}.Debug|Any CPU.Build.0 = Debug|Any CPU
		{84FB6D45-6DB6-41B0-84C9-0CBCC1179E88}.Release|Any CPU.ActiveCfg = Release|Any CPU
		{84FB6D45-6DB6-41B0-84C9-0CBCC1179E88}.Release|Any CPU.Build.0 = Release|Any CPU
		{DBC3882F-870D-4932-9F8D-D1ABFE84A473}.Debug|Any CPU.ActiveCfg = Debug|Any CPU
		{DBC3882F-870D-4932-9F8D-D1ABFE84A473}.Debug|Any CPU.Build.0 = Debug|Any CPU
		{DBC3882F-870D-4932-9F8D-D1ABFE84A473}.Release|Any CPU.ActiveCfg = Release|Any CPU
		{DBC3882F-870D-4932-9F8D-D1ABFE84A473}.Release|Any CPU.Build.0 = Release|Any CPU
		{8B93F2E3-B99C-4E26-8927-051C378DD555}.Debug|Any CPU.ActiveCfg = Debug|Any CPU
		{8B93F2E3-B99C-4E26-8927-051C378DD555}.Debug|Any CPU.Build.0 = Debug|Any CPU
		{8B93F2E3-B99C-4E26-8927-051C378DD555}.Release|Any CPU.ActiveCfg = Release|Any CPU
		{8B93F2E3-B99C-4E26-8927-051C378DD555}.Release|Any CPU.Build.0 = Release|Any CPU
	EndGlobalSection
	GlobalSection(SolutionProperties) = preSolution
		HideSolutionNode = FALSE
	EndGlobalSection
	GlobalSection(ExtensibilityGlobals) = postSolution
		SolutionGuid = {4488066D-A221-41F8-B9DF-4031FE780887}
	EndGlobalSection
EndGlobal
